// !$*UTF8*$!
{
	archiveVersion = 1;
	classes = {
	};
	objectVersion = 46;
	objects = {

/* Begin PBXBuildFile section */
		1061E4E91C02CD2800414BA3 /* main.m in Sources */ = {isa = PBXBuildFile; fileRef = 1061E4E81C02CD2800414BA3 /* main.m */; };
		1061E4EC1C02CD2800414BA3 /* AppDelegate.m in Sources */ = {isa = PBXBuildFile; fileRef = 1061E4EB1C02CD2800414BA3 /* AppDelegate.m */; };
		1061E4EF1C02CD2800414BA3 /* ViewController.m in Sources */ = {isa = PBXBuildFile; fileRef = 1061E4EE1C02CD2800414BA3 /* ViewController.m */; };
		1061E4F21C02CD2800414BA3 /* Main.storyboard in Resources */ = {isa = PBXBuildFile; fileRef = 1061E4F01C02CD2800414BA3 /* Main.storyboard */; };
		1061E4F41C02CD2800414BA3 /* Images.xcassets in Resources */ = {isa = PBXBuildFile; fileRef = 1061E4F31C02CD2800414BA3 /* Images.xcassets */; };
		1061E4F71C02CD2800414BA3 /* LaunchScreen.xib in Resources */ = {isa = PBXBuildFile; fileRef = 1061E4F51C02CD2800414BA3 /* LaunchScreen.xib */; };
		1061E5031C02CD2800414BA3 /* Proficiency_exerciseTests.m in Sources */ = {isa = PBXBuildFile; fileRef = 1061E5021C02CD2800414BA3 /* Proficiency_exerciseTests.m */; };
		1061E50F1C02CE0100414BA3 /* AppRecords.m in Sources */ = {isa = PBXBuildFile; fileRef = 1061E50E1C02CE0100414BA3 /* AppRecords.m */; };
		1061E5121C02D30F00414BA3 /* TableViewCell.m in Sources */ = {isa = PBXBuildFile; fileRef = 1061E5111C02D30F00414BA3 /* TableViewCell.m */; };
		1061E5151C02D37200414BA3 /* NullCheck.m in Sources */ = {isa = PBXBuildFile; fileRef = 1061E5141C02D37200414BA3 /* NullCheck.m */; };
		1061E5171C02D6DB00414BA3 /* no_photo_icon.jpeg in Resources */ = {isa = PBXBuildFile; fileRef = 1061E5161C02D6DB00414BA3 /* no_photo_icon.jpeg */; };
/* End PBXBuildFile section */

/* Begin PBXContainerItemProxy section */
		1061E4FD1C02CD2800414BA3 /* PBXContainerItemProxy */ = {
			isa = PBXContainerItemProxy;
			containerPortal = 1061E4DB1C02CD2800414BA3 /* Project object */;
			proxyType = 1;
			remoteGlobalIDString = 1061E4E21C02CD2800414BA3;
			remoteInfo = "Proficiency exercise";
		};
/* End PBXContainerItemProxy section */

/* Begin PBXFileReference section */
		1061E4E31C02CD2800414BA3 /* Proficiency exercise.app */ = {isa = PBXFileReference; explicitFileType = wrapper.application; includeInIndex = 0; path = "Proficiency exercise.app"; sourceTree = BUILT_PRODUCTS_DIR; };
		1061E4E71C02CD2800414BA3 /* Info.plist */ = {isa = PBXFileReference; lastKnownFileType = text.plist.xml; path = Info.plist; sourceTree = "<group>"; };
		1061E4E81C02CD2800414BA3 /* main.m */ = {isa = PBXFileReference; lastKnownFileType = sourcecode.c.objc; path = main.m; sourceTree = "<group>"; };
		1061E4EA1C02CD2800414BA3 /* AppDelegate.h */ = {isa = PBXFileReference; lastKnownFileType = sourcecode.c.h; path = AppDelegate.h; sourceTree = "<group>"; };
		1061E4EB1C02CD2800414BA3 /* AppDelegate.m */ = {isa = PBXFileReference; lastKnownFileType = sourcecode.c.objc; path = AppDelegate.m; sourceTree = "<group>"; };
		1061E4ED1C02CD2800414BA3 /* ViewController.h */ = {isa = PBXFileReference; lastKnownFileType = sourcecode.c.h; path = ViewController.h; sourceTree = "<group>"; };
		1061E4EE1C02CD2800414BA3 /* ViewController.m */ = {isa = PBXFileReference; lastKnownFileType = sourcecode.c.objc; path = ViewController.m; sourceTree = "<group>"; };
		1061E4F11C02CD2800414BA3 /* Base */ = {isa = PBXFileReference; lastKnownFileType = file.storyboard; name = Base; path = Base.lproj/Main.storyboard; sourceTree = "<group>"; };
		1061E4F31C02CD2800414BA3 /* Images.xcassets */ = {isa = PBXFileReference; lastKnownFileType = folder.assetcatalog; path = Images.xcassets; sourceTree = "<group>"; };
		1061E4F61C02CD2800414BA3 /* Base */ = {isa = PBXFileReference; lastKnownFileType = file.xib; name = Base; path = Base.lproj/LaunchScreen.xib; sourceTree = "<group>"; };
		1061E4FC1C02CD2800414BA3 /* Proficiency exerciseTests.xctest */ = {isa = PBXFileReference; explicitFileType = wrapper.cfbundle; includeInIndex = 0; path = "Proficiency exerciseTests.xctest"; sourceTree = BUILT_PRODUCTS_DIR; };
		1061E5011C02CD2800414BA3 /* Info.plist */ = {isa = PBXFileReference; lastKnownFileType = text.plist.xml; path = Info.plist; sourceTree = "<group>"; };
		1061E5021C02CD2800414BA3 /* Proficiency_exerciseTests.m */ = {isa = PBXFileReference; lastKnownFileType = sourcecode.c.objc; path = Proficiency_exerciseTests.m; sourceTree = "<group>"; };
		1061E50C1C02CDB400414BA3 /* DomainURL.h */ = {isa = PBXFileReference; lastKnownFileType = sourcecode.c.h; path = DomainURL.h; sourceTree = "<group>"; };
		1061E50D1C02CE0100414BA3 /* AppRecords.h */ = {isa = PBXFileReference; fileEncoding = 4; lastKnownFileType = sourcecode.c.h; path = AppRecords.h; sourceTree = "<group>"; };
		1061E50E1C02CE0100414BA3 /* AppRecords.m */ = {isa = PBXFileReference; fileEncoding = 4; lastKnownFileType = sourcecode.c.objc; path = AppRecords.m; sourceTree = "<group>"; };
		1061E5101C02D30F00414BA3 /* TableViewCell.h */ = {isa = PBXFileReference; fileEncoding = 4; lastKnownFileType = sourcecode.c.h; path = TableViewCell.h; sourceTree = "<group>"; };
		1061E5111C02D30F00414BA3 /* TableViewCell.m */ = {isa = PBXFileReference; fileEncoding = 4; lastKnownFileType = sourcecode.c.objc; path = TableViewCell.m; sourceTree = "<group>"; };
		1061E5131C02D37200414BA3 /* NullCheck.h */ = {isa = PBXFileReference; fileEncoding = 4; lastKnownFileType = sourcecode.c.h; path = NullCheck.h; sourceTree = "<group>"; };
		1061E5141C02D37200414BA3 /* NullCheck.m */ = {isa = PBXFileReference; fileEncoding = 4; lastKnownFileType = sourcecode.c.objc; path = NullCheck.m; sourceTree = "<group>"; };
		1061E5161C02D6DB00414BA3 /* no_photo_icon.jpeg */ = {isa = PBXFileReference; lastKnownFileType = image.jpeg; name = no_photo_icon.jpeg; path = ../no_photo_icon.jpeg; sourceTree = "<group>"; };
/* End PBXFileReference section */

/* Begin PBXFrameworksBuildPhase section */
		1061E4E01C02CD2800414BA3 /* Frameworks */ = {
			isa = PBXFrameworksBuildPhase;
			buildActionMask = 2147483647;
			files = (
			);
			runOnlyForDeploymentPostprocessing = 0;
		};
		1061E4F91C02CD2800414BA3 /* Frameworks */ = {
			isa = PBXFrameworksBuildPhase;
			buildActionMask = 2147483647;
			files = (
			);
			runOnlyForDeploymentPostprocessing = 0;
		};
/* End PBXFrameworksBuildPhase section */

/* Begin PBXGroup section */
		1061E4DA1C02CD2800414BA3 = {
			isa = PBXGroup;
			children = (
				1061E4E51C02CD2800414BA3 /* Proficiency exercise */,
				1061E4FF1C02CD2800414BA3 /* Proficiency exerciseTests */,
				1061E4E41C02CD2800414BA3 /* Products */,
			);
			sourceTree = "<group>";
		};
		1061E4E41C02CD2800414BA3 /* Products */ = {
			isa = PBXGroup;
			children = (
				1061E4E31C02CD2800414BA3 /* Proficiency exercise.app */,
				1061E4FC1C02CD2800414BA3 /* Proficiency exerciseTests.xctest */,
			);
			name = Products;
			sourceTree = "<group>";
		};
		1061E4E51C02CD2800414BA3 /* Proficiency exercise */ = {
			isa = PBXGroup;
			children = (
				1061E4EA1C02CD2800414BA3 /* AppDelegate.h */,
				1061E4EB1C02CD2800414BA3 /* AppDelegate.m */,
				1061E4ED1C02CD2800414BA3 /* ViewController.h */,
				1061E4EE1C02CD2800414BA3 /* ViewController.m */,
				1061E50E1C02CE0100414BA3 /* AppRecords.m */,
				1061E50D1C02CE0100414BA3 /* AppRecords.h */,
				1061E5131C02D37200414BA3 /* NullCheck.h */,
				1061E5141C02D37200414BA3 /* NullCheck.m */,
				1061E5101C02D30F00414BA3 /* TableViewCell.h */,
				1061E5111C02D30F00414BA3 /* TableViewCell.m */,
				1061E50C1C02CDB400414BA3 /* DomainURL.h */,
				1061E4F01C02CD2800414BA3 /* Main.storyboard */,
				1061E4F31C02CD2800414BA3 /* Images.xcassets */,
				1061E4F51C02CD2800414BA3 /* LaunchScreen.xib */,
				1061E4E61C02CD2800414BA3 /* Supporting Files */,
			);
			path = "Proficiency exercise";
			sourceTree = "<group>";
		};
		1061E4E61C02CD2800414BA3 /* Supporting Files */ = {
			isa = PBXGroup;
			children = (
				1061E5161C02D6DB00414BA3 /* no_photo_icon.jpeg */,
				1061E4E71C02CD2800414BA3 /* Info.plist */,
				1061E4E81C02CD2800414BA3 /* main.m */,
			);
			name = "Supporting Files";
			sourceTree = "<group>";
		};
		1061E4FF1C02CD2800414BA3 /* Proficiency exerciseTests */ = {
			isa = PBXGroup;
			children = (
				1061E5021C02CD2800414BA3 /* Proficiency_exerciseTests.m */,
				1061E5001C02CD2800414BA3 /* Supporting Files */,
			);
			path = "Proficiency exerciseTests";
			sourceTree = "<group>";
		};
		1061E5001C02CD2800414BA3 /* Supporting Files */ = {
			isa = PBXGroup;
			children = (
				1061E5011C02CD2800414BA3 /* Info.plist */,
			);
			name = "Supporting Files";
			sourceTree = "<group>";
		};
/* End PBXGroup section */

/* Begin PBXNativeTarget section */
		1061E4E21C02CD2800414BA3 /* Proficiency exercise */ = {
			isa = PBXNativeTarget;
			buildConfigurationList = 1061E5061C02CD2800414BA3 /* Build configuration list for PBXNativeTarget "Proficiency exercise" */;
			buildPhases = (
				1061E4DF1C02CD2800414BA3 /* Sources */,
				1061E4E01C02CD2800414BA3 /* Frameworks */,
				1061E4E11C02CD2800414BA3 /* Resources */,
			);
			buildRules = (
			);
			dependencies = (
			);
			name = "Proficiency exercise";
			productName = "Proficiency exercise";
			productReference = 1061E4E31C02CD2800414BA3 /* Proficiency exercise.app */;
			productType = "com.apple.product-type.application";
		};
		1061E4FB1C02CD2800414BA3 /* Proficiency exerciseTests */ = {
			isa = PBXNativeTarget;
			buildConfigurationList = 1061E5091C02CD2800414BA3 /* Build configuration list for PBXNativeTarget "Proficiency exerciseTests" */;
			buildPhases = (
				1061E4F81C02CD2800414BA3 /* Sources */,
				1061E4F91C02CD2800414BA3 /* Frameworks */,
				1061E4FA1C02CD2800414BA3 /* Resources */,
			);
			buildRules = (
			);
			dependencies = (
				1061E4FE1C02CD2800414BA3 /* PBXTargetDependency */,
			);
			name = "Proficiency exerciseTests";
			productName = "Proficiency exerciseTests";
			productReference = 1061E4FC1C02CD2800414BA3 /* Proficiency exerciseTests.xctest */;
			productType = "com.apple.product-type.bundle.unit-test";
		};
/* End PBXNativeTarget section */

/* Begin PBXProject section */
		1061E4DB1C02CD2800414BA3 /* Project object */ = {
			isa = PBXProject;
			attributes = {
				LastUpgradeCheck = 0620;
				ORGANIZATIONNAME = "Kartheek P";
				TargetAttributes = {
					1061E4E21C02CD2800414BA3 = {
						CreatedOnToolsVersion = 6.2;
					};
					1061E4FB1C02CD2800414BA3 = {
						CreatedOnToolsVersion = 6.2;
						TestTargetID = 1061E4E21C02CD2800414BA3;
					};
				};
			};
			buildConfigurationList = 1061E4DE1C02CD2800414BA3 /* Build configuration list for PBXProject "Proficiency exercise" */;
			compatibilityVersion = "Xcode 3.2";
			developmentRegion = English;
			hasScannedForEncodings = 0;
			knownRegions = (
				en,
				Base,
			);
			mainGroup = 1061E4DA1C02CD2800414BA3;
			productRefGroup = 1061E4E41C02CD2800414BA3 /* Products */;
			projectDirPath = "";
			projectRoot = "";
			targets = (
				1061E4E21C02CD2800414BA3 /* Proficiency exercise */,
				1061E4FB1C02CD2800414BA3 /* Proficiency exerciseTests */,
			);
		};
/* End PBXProject section */

/* Begin PBXResourcesBuildPhase section */
		1061E4E11C02CD2800414BA3 /* Resources */ = {
			isa = PBXResourcesBuildPhase;
			buildActionMask = 2147483647;
			files = (
				1061E5171C02D6DB00414BA3 /* no_photo_icon.jpeg in Resources */,
				1061E4F21C02CD2800414BA3 /* Main.storyboard in Resources */,
				1061E4F71C02CD2800414BA3 /* LaunchScreen.xib in Resources */,
				1061E4F41C02CD2800414BA3 /* Images.xcassets in Resources */,
			);
			runOnlyForDeploymentPostprocessing = 0;
		};
		1061E4FA1C02CD2800414BA3 /* Resources */ = {
			isa = PBXResourcesBuildPhase;
			buildActionMask = 2147483647;
			files = (
			);
			runOnlyForDeploymentPostprocessing = 0;
		};
/* End PBXResourcesBuildPhase section */

/* Begin PBXSourcesBuildPhase section */
		1061E4DF1C02CD2800414BA3 /* Sources */ = {
			isa = PBXSourcesBuildPhase;
			buildActionMask = 2147483647;
			files = (
				1061E4EF1C02CD2800414BA3 /* ViewController.m in Sources */,
				1061E5151C02D37200414BA3 /* NullCheck.m in Sources */,
				1061E4EC1C02CD2800414BA3 /* AppDelegate.m in Sources */,
				1061E50F1C02CE0100414BA3 /* AppRecords.m in Sources */,
				1061E5121C02D30F00414BA3 /* TableViewCell.m in Sources */,
				1061E4E91C02CD2800414BA3 /* main.m in Sources */,
			);
			runOnlyForDeploymentPostprocessing = 0;
		};
		1061E4F81C02CD2800414BA3 /* Sources */ = {
			isa = PBXSourcesBuildPhase;
			buildActionMask = 2147483647;
			files = (
				1061E5031C02CD2800414BA3 /* Proficiency_exerciseTests.m in Sources */,
			);
			runOnlyForDeploymentPostprocessing = 0;
		};
/* End PBXSourcesBuildPhase section */

/* Begin PBXTargetDependency section */
		1061E4FE1C02CD2800414BA3 /* PBXTargetDependency */ = {
			isa = PBXTargetDependency;
			target = 1061E4E21C02CD2800414BA3 /* Proficiency exercise */;
			targetProxy = 1061E4FD1C02CD2800414BA3 /* PBXContainerItemProxy */;
		};
/* End PBXTargetDependency section */

/* Begin PBXVariantGroup section */
		1061E4F01C02CD2800414BA3 /* Main.storyboard */ = {
			isa = PBXVariantGroup;
			children = (
				1061E4F11C02CD2800414BA3 /* Base */,
			);
			name = Main.storyboard;
			sourceTree = "<group>";
		};
		1061E4F51C02CD2800414BA3 /* LaunchScreen.xib */ = {
			isa = PBXVariantGroup;
			children = (
				1061E4F61C02CD2800414BA3 /* Base */,
			);
			name = LaunchScreen.xib;
			sourceTree = "<group>";
		};
/* End PBXVariantGroup section */

/* Begin XCBuildConfiguration section */
		1061E5041C02CD2800414BA3 /* Debug */ = {
			isa = XCBuildConfiguration;
			buildSettings = {
				ALWAYS_SEARCH_USER_PATHS = NO;
				CLANG_CXX_LANGUAGE_STANDARD = "gnu++0x";
				CLANG_CXX_LIBRARY = "libc++";
				CLANG_ENABLE_MODULES = YES;
				CLANG_ENABLE_OBJC_ARC = YES;
				CLANG_WARN_BOOL_CONVERSION = YES;
				CLANG_WARN_CONSTANT_CONVERSION = YES;
				CLANG_WARN_DIRECT_OBJC_ISA_USAGE = YES_ERROR;
				CLANG_WARN_EMPTY_BODY = YES;
				CLANG_WARN_ENUM_CONVERSION = YES;
				CLANG_WARN_INT_CONVERSION = YES;
				CLANG_WARN_OBJC_ROOT_CLASS = YES_ERROR;
				CLANG_WARN_UNREACHABLE_CODE = YES;
				CLANG_WARN__DUPLICATE_METHOD_MATCH = YES;
				"CODE_SIGN_IDENTITY[sdk=iphoneos*]" = "iPhone Developer";
				COPY_PHASE_STRIP = NO;
				ENABLE_STRICT_OBJC_MSGSEND = YES;
				GCC_C_LANGUAGE_STANDARD = gnu99;
				GCC_DYNAMIC_NO_PIC = NO;
				GCC_OPTIMIZATION_LEVEL = 0;
				GCC_PREPROCESSOR_DEFINITIONS = (
					"DEBUG=1",
					"$(inherited)",
				);
				GCC_SYMBOLS_PRIVATE_EXTERN = NO;
				GCC_WARN_64_TO_32_BIT_CONVERSION = YES;
				GCC_WARN_ABOUT_RETURN_TYPE = YES_ERROR;
				GCC_WARN_UNDECLARED_SELECTOR = YES;
				GCC_WARN_UNINITIALIZED_AUTOS = YES_AGGRESSIVE;
				GCC_WARN_UNUSED_FUNCTION = YES;
				GCC_WARN_UNUSED_VARIABLE = YES;
				IPHONEOS_DEPLOYMENT_TARGET = 8.2;
				MTL_ENABLE_DEBUG_INFO = YES;
				ONLY_ACTIVE_ARCH = YES;
				SDKROOT = iphoneos;
			};
			name = Debug;
		};
		1061E5051C02CD2800414BA3 /* Release */ = {
			isa = XCBuildConfiguration;
			buildSettings = {
				ALWAYS_SEARCH_USER_PATHS = NO;
				CLANG_CXX_LANGUAGE_STANDARD = "gnu++0x";
				CLANG_CXX_LIBRARY = "libc++";
				CLANG_ENABLE_MODULES = YES;
				CLANG_ENABLE_OBJC_ARC = YES;
				CLANG_WARN_BOOL_CONVERSION = YES;
				CLANG_WARN_CONSTANT_CONVERSION = YES;
				CLANG_WARN_DIRECT_OBJC_ISA_USAGE = YES_ERROR;
				CLANG_WARN_EMPTY_BODY = YES;
				CLANG_WARN_ENUM_CONVERSION = YES;
				CLANG_WARN_INT_CONVERSION = YES;
				CLANG_WARN_OBJC_ROOT_CLASS = YES_ERROR;
				CLANG_WARN_UNREACHABLE_CODE = YES;
				CLANG_WARN__DUPLICATE_METHOD_MATCH = YES;
				"CODE_SIGN_IDENTITY[sdk=iphoneos*]" = "iPhone Developer";
				COPY_PHASE_STRIP = NO;
				ENABLE_NS_ASSERTIONS = NO;
				ENABLE_STRICT_OBJC_MSGSEND = YES;
				GCC_C_LANGUAGE_STANDARD = gnu99;
				GCC_WARN_64_TO_32_BIT_CONVERSION = YES;
				GCC_WARN_ABOUT_RETURN_TYPE = YES_ERROR;
				GCC_WARN_UNDECLARED_SELECTOR = YES;
				GCC_WARN_UNINITIALIZED_AUTOS = YES_AGGRESSIVE;
				GCC_WARN_UNUSED_FUNCTION = YES;
				GCC_WARN_UNUSED_VARIABLE = YES;
				IPHONEOS_DEPLOYMENT_TARGET = 8.2;
				MTL_ENABLE_DEBUG_INFO = NO;
				SDKROOT = iphoneos;
				VALIDATE_PRODUCT = YES;
			};
			name = Release;
		};
		1061E5071C02CD2800414BA3 /* Debug */ = {
			isa = XCBuildConfiguration;
			buildSettings = {
				ASSETCATALOG_COMPILER_APPICON_NAME = AppIcon;
				INFOPLIST_FILE = "Proficiency exercise/Info.plist";
				LD_RUNPATH_SEARCH_PATHS = "$(inherited) @executable_path/Frameworks";
				PRODUCT_NAME = "$(TARGET_NAME)";
			};
			name = Debug;
		};
		1061E5081C02CD2800414BA3 /* Release */ = {
			isa = XCBuildConfiguration;
			buildSettings = {
				ASSETCATALOG_COMPILER_APPICON_NAME = AppIcon;
				INFOPLIST_FILE = "Proficiency exercise/Info.plist";
				LD_RUNPATH_SEARCH_PATHS = "$(inherited) @executable_path/Frameworks";
				PRODUCT_NAME = "$(TARGET_NAME)";
			};
			name = Release;
		};
		1061E50A1C02CD2800414BA3 /* Debug */ = {
			isa = XCBuildConfiguration;
			buildSettings = {
				BUNDLE_LOADER = "$(TEST_HOST)";
				FRAMEWORK_SEARCH_PATHS = (
					"$(SDKROOT)/Developer/Library/Frameworks",
					"$(inherited)",
				);
				GCC_PREPROCESSOR_DEFINITIONS = (
					"DEBUG=1",
					"$(inherited)",
				);
				INFOPLIST_FILE = "Proficiency exerciseTests/Info.plist";
				LD_RUNPATH_SEARCH_PATHS = "$(inherited) @executable_path/Frameworks @loader_path/Frameworks";
				PRODUCT_NAME = "$(TARGET_NAME)";
				TEST_HOST = "$(BUILT_PRODUCTS_DIR)/Proficiency exercise.app/Proficiency exercise";
			};
			name = Debug;
		};
		1061E50B1C02CD2800414BA3 /* Release */ = {
			isa = XCBuildConfiguration;
			buildSettings = {
				BUNDLE_LOADER = "$(TEST_HOST)";
				FRAMEWORK_SEARCH_PATHS = (
					"$(SDKROOT)/Developer/Library/Frameworks",
					"$(inherited)",
				);
				INFOPLIST_FILE = "Proficiency exerciseTests/Info.plist";
				LD_RUNPATH_SEARCH_PATHS = "$(inherited) @executable_path/Frameworks @loader_path/Frameworks";
				PRODUCT_NAME = "$(TARGET_NAME)";
				TEST_HOST = "$(BUILT_PRODUCTS_DIR)/Proficiency exercise.app/Proficiency exercise";
			};
			name = Release;
		};
/* End XCBuildConfiguration section */

/* Begin XCConfigurationList section */
		1061E4DE1C02CD2800414BA3 /* Build configuration list for PBXProject "Proficiency exercise" */ = {
			isa = XCConfigurationList;
			buildConfigurations = (
				1061E5041C02CD2800414BA3 /* Debug */,
				1061E5051C02CD2800414BA3 /* Release */,
			);
			defaultConfigurationIsVisible = 0;
			defaultConfigurationName = Release;
		};
		1061E5061C02CD2800414BA3 /* Build configuration list for PBXNativeTarget "Proficiency exercise" */ = {
			isa = XCConfigurationList;
			buildConfigurations = (
				1061E5071C02CD2800414BA3 /* Debug */,
				1061E5081C02CD2800414BA3 /* Release */,
			);
			defaultConfigurationIsVisible = 0;
		};
		1061E5091C02CD2800414BA3 /* Build configuration list for PBXNativeTarget "Proficiency exerciseTests" */ = {
			isa = XCConfigurationList;
			buildConfigurations = (
				1061E50A1C02CD2800414BA3 /* Debug */,
				1061E50B1C02CD2800414BA3 /* Release */,
			);
			defaultConfigurationIsVisible = 0;
		};
/* End XCConfigurationList section */
	};
	rootObject = 1061E4DB1C02CD2800414BA3 /* Project object */;
}
